// !$*UTF8*$!
{
	archiveVersion = 1;
	classes = {
	};
	objectVersion = 51;
	objects = {

/* Begin PBXBuildFile section */
		23DB7F921C8AF2D3C6595A0B /* Pods_TrafficGame_ios.framework in Frameworks */ = {isa = PBXBuildFile; fileRef = 5F7A17646B752D0D5D53FADC /* Pods_TrafficGame_ios.framework */; };
		BF1BBBDF23F4F47500E9B0B6 /* AppDelegate.swift in Sources */ = {isa = PBXBuildFile; fileRef = BF1BBBDE23F4F47500E9B0B6 /* AppDelegate.swift */; };
		BF1BBBE123F4F47500E9B0B6 /* SceneDelegate.swift in Sources */ = {isa = PBXBuildFile; fileRef = BF1BBBE023F4F47500E9B0B6 /* SceneDelegate.swift */; };
		BF1BBBE323F4F47500E9B0B6 /* ViewController.swift in Sources */ = {isa = PBXBuildFile; fileRef = BF1BBBE223F4F47500E9B0B6 /* ViewController.swift */; };
		BF1BBBE623F4F47500E9B0B6 /* Main.storyboard in Resources */ = {isa = PBXBuildFile; fileRef = BF1BBBE423F4F47500E9B0B6 /* Main.storyboard */; };
		BF1BBBE823F4F47600E9B0B6 /* Assets.xcassets in Resources */ = {isa = PBXBuildFile; fileRef = BF1BBBE723F4F47600E9B0B6 /* Assets.xcassets */; };
		BF1BBBEB23F4F47600E9B0B6 /* LaunchScreen.storyboard in Resources */ = {isa = PBXBuildFile; fileRef = BF1BBBE923F4F47600E9B0B6 /* LaunchScreen.storyboard */; };
		BF2064E4246A2050009B6E8A /* CarPath.swift in Sources */ = {isa = PBXBuildFile; fileRef = BF2064E3246A2050009B6E8A /* CarPath.swift */; };
		BF2064E6246A2240009B6E8A /* AirplanPath.swift in Sources */ = {isa = PBXBuildFile; fileRef = BF2064E5246A2240009B6E8A /* AirplanPath.swift */; };
		BF2064E8246A22B5009B6E8A /* MatlabResult.swift in Sources */ = {isa = PBXBuildFile; fileRef = BF2064E7246A22B5009B6E8A /* MatlabResult.swift */; };
		BF5A209623F5188800EFAECA /* MyVC.swift in Sources */ = {isa = PBXBuildFile; fileRef = BF5A209523F5188800EFAECA /* MyVC.swift */; };
		BF5A209823F51B8700EFAECA /* LoginVC.swift in Sources */ = {isa = PBXBuildFile; fileRef = BF5A209723F51B8700EFAECA /* LoginVC.swift */; };
		BF5A209A23F51C8A00EFAECA /* User.swift in Sources */ = {isa = PBXBuildFile; fileRef = BF5A209923F51C8A00EFAECA /* User.swift */; };
		BFBA2CA623FBC9A4009A146F /* MapViewController.swift in Sources */ = {isa = PBXBuildFile; fileRef = BFBA2CA523FBC9A4009A146F /* MapViewController.swift */; };
/* End PBXBuildFile section */

/* Begin PBXFileReference section */
		5F7A17646B752D0D5D53FADC /* Pods_TrafficGame_ios.framework */ = {isa = PBXFileReference; explicitFileType = wrapper.framework; includeInIndex = 0; path = Pods_TrafficGame_ios.framework; sourceTree = BUILT_PRODUCTS_DIR; };
		A12E31BD30BC1D23AC097494 /* Pods-TrafficGame_ios.debug.xcconfig */ = {isa = PBXFileReference; includeInIndex = 1; lastKnownFileType = text.xcconfig; name = "Pods-TrafficGame_ios.debug.xcconfig"; path = "Target Support Files/Pods-TrafficGame_ios/Pods-TrafficGame_ios.debug.xcconfig"; sourceTree = "<group>"; };
		BF1BBBDB23F4F47500E9B0B6 /* TrafficGame_ios.app */ = {isa = PBXFileReference; explicitFileType = wrapper.application; includeInIndex = 0; path = TrafficGame_ios.app; sourceTree = BUILT_PRODUCTS_DIR; };
		BF1BBBDE23F4F47500E9B0B6 /* AppDelegate.swift */ = {isa = PBXFileReference; lastKnownFileType = sourcecode.swift; path = AppDelegate.swift; sourceTree = "<group>"; };
		BF1BBBE023F4F47500E9B0B6 /* SceneDelegate.swift */ = {isa = PBXFileReference; lastKnownFileType = sourcecode.swift; path = SceneDelegate.swift; sourceTree = "<group>"; };
		BF1BBBE223F4F47500E9B0B6 /* ViewController.swift */ = {isa = PBXFileReference; lastKnownFileType = sourcecode.swift; path = ViewController.swift; sourceTree = "<group>"; };
		BF1BBBE523F4F47500E9B0B6 /* Base */ = {isa = PBXFileReference; lastKnownFileType = file.storyboard; name = Base; path = Base.lproj/Main.storyboard; sourceTree = "<group>"; };
		BF1BBBE723F4F47600E9B0B6 /* Assets.xcassets */ = {isa = PBXFileReference; lastKnownFileType = folder.assetcatalog; path = Assets.xcassets; sourceTree = "<group>"; };
		BF1BBBEA23F4F47600E9B0B6 /* Base */ = {isa = PBXFileReference; lastKnownFileType = file.storyboard; name = Base; path = Base.lproj/LaunchScreen.storyboard; sourceTree = "<group>"; };
		BF1BBBEC23F4F47600E9B0B6 /* Info.plist */ = {isa = PBXFileReference; lastKnownFileType = text.plist.xml; path = Info.plist; sourceTree = "<group>"; };
		BF2064E3246A2050009B6E8A /* CarPath.swift */ = {isa = PBXFileReference; lastKnownFileType = sourcecode.swift; path = CarPath.swift; sourceTree = "<group>"; };
		BF2064E5246A2240009B6E8A /* AirplanPath.swift */ = {isa = PBXFileReference; lastKnownFileType = sourcecode.swift; path = AirplanPath.swift; sourceTree = "<group>"; };
		BF2064E7246A22B5009B6E8A /* MatlabResult.swift */ = {isa = PBXFileReference; lastKnownFileType = sourcecode.swift; path = MatlabResult.swift; sourceTree = "<group>"; };
		BF5A209523F5188800EFAECA /* MyVC.swift */ = {isa = PBXFileReference; lastKnownFileType = sourcecode.swift; path = MyVC.swift; sourceTree = "<group>"; };
		BF5A209723F51B8700EFAECA /* LoginVC.swift */ = {isa = PBXFileReference; lastKnownFileType = sourcecode.swift; path = LoginVC.swift; sourceTree = "<group>"; };
		BF5A209923F51C8A00EFAECA /* User.swift */ = {isa = PBXFileReference; lastKnownFileType = sourcecode.swift; path = User.swift; sourceTree = "<group>"; };
		BFBA2CA523FBC9A4009A146F /* MapViewController.swift */ = {isa = PBXFileReference; lastKnownFileType = sourcecode.swift; path = MapViewController.swift; sourceTree = "<group>"; };
		CE01AD44C9F2EE2BF30C89B8 /* Pods-TrafficGame_ios.release.xcconfig */ = {isa = PBXFileReference; includeInIndex = 1; lastKnownFileType = text.xcconfig; name = "Pods-TrafficGame_ios.release.xcconfig"; path = "Target Support Files/Pods-TrafficGame_ios/Pods-TrafficGame_ios.release.xcconfig"; sourceTree = "<group>"; };
/* End PBXFileReference section */

/* Begin PBXFrameworksBuildPhase section */
		BF1BBBD823F4F47500E9B0B6 /* Frameworks */ = {
			isa = PBXFrameworksBuildPhase;
			buildActionMask = 2147483647;
			files = (
				23DB7F921C8AF2D3C6595A0B /* Pods_TrafficGame_ios.framework in Frameworks */,
			);
			runOnlyForDeploymentPostprocessing = 0;
		};
/* End PBXFrameworksBuildPhase section */

/* Begin PBXGroup section */
		6FF29BC30EFB7AB1F31D9B59 /* Frameworks */ = {
			isa = PBXGroup;
			children = (
				5F7A17646B752D0D5D53FADC /* Pods_TrafficGame_ios.framework */,
			);
			name = Frameworks;
			sourceTree = "<group>";
		};
		7E28BB5853500CCA70EA7650 /* Pods */ = {
			isa = PBXGroup;
			children = (
				A12E31BD30BC1D23AC097494 /* Pods-TrafficGame_ios.debug.xcconfig */,
				CE01AD44C9F2EE2BF30C89B8 /* Pods-TrafficGame_ios.release.xcconfig */,
			);
			path = Pods;
			sourceTree = "<group>";
		};
		BF1BBBD223F4F47500E9B0B6 = {
			isa = PBXGroup;
			children = (
				BF1BBBDD23F4F47500E9B0B6 /* TrafficGame_ios */,
				BF1BBBDC23F4F47500E9B0B6 /* Products */,
				7E28BB5853500CCA70EA7650 /* Pods */,
				6FF29BC30EFB7AB1F31D9B59 /* Frameworks */,
			);
			sourceTree = "<group>";
		};
		BF1BBBDC23F4F47500E9B0B6 /* Products */ = {
			isa = PBXGroup;
			children = (
				BF1BBBDB23F4F47500E9B0B6 /* TrafficGame_ios.app */,
			);
			name = Products;
			sourceTree = "<group>";
		};
		BF1BBBDD23F4F47500E9B0B6 /* TrafficGame_ios */ = {
			isa = PBXGroup;
			children = (
				BF1BBBF423F4F50A00E9B0B6 /* Controller */,
				BF1BBBF323F4F50100E9B0B6 /* Model */,
				BF1BBBF223F4F4F900E9B0B6 /* View */,
				BF1BBBE723F4F47600E9B0B6 /* Assets.xcassets */,
				BF1BBBE923F4F47600E9B0B6 /* LaunchScreen.storyboard */,
				BF1BBBEC23F4F47600E9B0B6 /* Info.plist */,
			);
			path = TrafficGame_ios;
			sourceTree = "<group>";
		};
		BF1BBBF223F4F4F900E9B0B6 /* View */ = {
			isa = PBXGroup;
			children = (
				BF1BBBE423F4F47500E9B0B6 /* Main.storyboard */,
			);
			name = View;
			sourceTree = "<group>";
		};
		BF1BBBF323F4F50100E9B0B6 /* Model */ = {
			isa = PBXGroup;
			children = (
				BF5A209923F51C8A00EFAECA /* User.swift */,
				BF2064E3246A2050009B6E8A /* CarPath.swift */,
				BF2064E5246A2240009B6E8A /* AirplanPath.swift */,
				BF2064E7246A22B5009B6E8A /* MatlabResult.swift */,
			);
			path = Model;
			sourceTree = "<group>";
		};
		BF1BBBF423F4F50A00E9B0B6 /* Controller */ = {
			isa = PBXGroup;
			children = (
				BF1BBBDE23F4F47500E9B0B6 /* AppDelegate.swift */,
				BF1BBBE023F4F47500E9B0B6 /* SceneDelegate.swift */,
				BF1BBBE223F4F47500E9B0B6 /* ViewController.swift */,
				BF5A209523F5188800EFAECA /* MyVC.swift */,
				BF5A209723F51B8700EFAECA /* LoginVC.swift */,
				BFBA2CA523FBC9A4009A146F /* MapViewController.swift */,
			);
			name = Controller;
			sourceTree = "<group>";
		};
/* End PBXGroup section */

/* Begin PBXNativeTarget section */
		BF1BBBDA23F4F47500E9B0B6 /* TrafficGame_ios */ = {
			isa = PBXNativeTarget;
			buildConfigurationList = BF1BBBEF23F4F47600E9B0B6 /* Build configuration list for PBXNativeTarget "TrafficGame_ios" */;
			buildPhases = (
				A71BFC50FA810302F9EC947E /* [CP] Check Pods Manifest.lock */,
				BF1BBBD723F4F47500E9B0B6 /* Sources */,
				BF1BBBD823F4F47500E9B0B6 /* Frameworks */,
				BF1BBBD923F4F47500E9B0B6 /* Resources */,
				9E4DE73CE3C99EFCDD766647 /* [CP] Embed Pods Frameworks */,
			);
			buildRules = (
			);
			dependencies = (
			);
			name = TrafficGame_ios;
			productName = TrafficGame_ios;
			productReference = BF1BBBDB23F4F47500E9B0B6 /* TrafficGame_ios.app */;
			productType = "com.apple.product-type.application";
		};
/* End PBXNativeTarget section */

/* Begin PBXProject section */
		BF1BBBD323F4F47500E9B0B6 /* Project object */ = {
			isa = PBXProject;
			attributes = {
				LastSwiftUpdateCheck = 1130;
				LastUpgradeCheck = 1130;
				ORGANIZATIONNAME = zf.org.csu;
				TargetAttributes = {
					BF1BBBDA23F4F47500E9B0B6 = {
						CreatedOnToolsVersion = 11.3.1;
					};
				};
			};
			buildConfigurationList = BF1BBBD623F4F47500E9B0B6 /* Build configuration list for PBXProject "TrafficGame_ios" */;
			compatibilityVersion = "Xcode 9.3";
			developmentRegion = en;
			hasScannedForEncodings = 0;
			knownRegions = (
				en,
				Base,
			);
			mainGroup = BF1BBBD223F4F47500E9B0B6;
			productRefGroup = BF1BBBDC23F4F47500E9B0B6 /* Products */;
			projectDirPath = "";
			projectRoot = "";
			targets = (
				BF1BBBDA23F4F47500E9B0B6 /* TrafficGame_ios */,
			);
		};
/* End PBXProject section */

/* Begin PBXResourcesBuildPhase section */
		BF1BBBD923F4F47500E9B0B6 /* Resources */ = {
			isa = PBXResourcesBuildPhase;
			buildActionMask = 2147483647;
			files = (
				BF1BBBEB23F4F47600E9B0B6 /* LaunchScreen.storyboard in Resources */,
				BF1BBBE823F4F47600E9B0B6 /* Assets.xcassets in Resources */,
				BF1BBBE623F4F47500E9B0B6 /* Main.storyboard in Resources */,
			);
			runOnlyForDeploymentPostprocessing = 0;
		};
/* End PBXResourcesBuildPhase section */

/* Begin PBXShellScriptBuildPhase section */
		9E4DE73CE3C99EFCDD766647 /* [CP] Embed Pods Frameworks */ = {
			isa = PBXShellScriptBuildPhase;
			buildActionMask = 2147483647;
			files = (
			);
			inputFileListPaths = (
				"${PODS_ROOT}/Target Support Files/Pods-TrafficGame_ios/Pods-TrafficGame_ios-frameworks-${CONFIGURATION}-input-files.xcfilelist",
			);
			name = "[CP] Embed Pods Frameworks";
			outputFileListPaths = (
				"${PODS_ROOT}/Target Support Files/Pods-TrafficGame_ios/Pods-TrafficGame_ios-frameworks-${CONFIGURATION}-output-files.xcfilelist",
			);
			runOnlyForDeploymentPostprocessing = 0;
			shellPath = /bin/sh;
			shellScript = "\"${PODS_ROOT}/Target Support Files/Pods-TrafficGame_ios/Pods-TrafficGame_ios-frameworks.sh\"\n";
			showEnvVarsInLog = 0;
		};
		A71BFC50FA810302F9EC947E /* [CP] Check Pods Manifest.lock */ = {
			isa = PBXShellScriptBuildPhase;
			buildActionMask = 2147483647;
			files = (
			);
			inputFileListPaths = (
			);
			inputPaths = (
				"${PODS_PODFILE_DIR_PATH}/Podfile.lock",
				"${PODS_ROOT}/Manifest.lock",
			);
			name = "[CP] Check Pods Manifest.lock";
			outputFileListPaths = (
			);
			outputPaths = (
				"$(DERIVED_FILE_DIR)/Pods-TrafficGame_ios-checkManifestLockResult.txt",
			);
			runOnlyForDeploymentPostprocessing = 0;
			shellPath = /bin/sh;
			shellScript = "diff \"${PODS_PODFILE_DIR_PATH}/Podfile.lock\" \"${PODS_ROOT}/Manifest.lock\" > /dev/null\nif [ $? != 0 ] ; then\n    # print error to STDERR\n    echo \"error: The sandbox is not in sync with the Podfile.lock. Run 'pod install' or update your CocoaPods installation.\" >&2\n    exit 1\nfi\n# This output is used by Xcode 'outputs' to avoid re-running this script phase.\necho \"SUCCESS\" > \"${SCRIPT_OUTPUT_FILE_0}\"\n";
			showEnvVarsInLog = 0;
		};
/* End PBXShellScriptBuildPhase section */

/* Begin PBXSourcesBuildPhase section */
		BF1BBBD723F4F47500E9B0B6 /* Sources */ = {
			isa = PBXSourcesBuildPhase;
			buildActionMask = 2147483647;
			files = (
				BF5A209623F5188800EFAECA /* MyVC.swift in Sources */,
				BF1BBBE323F4F47500E9B0B6 /* ViewController.swift in Sources */,
				BF5A209A23F51C8A00EFAECA /* User.swift in Sources */,
				BF2064E4246A2050009B6E8A /* CarPath.swift in Sources */,
				BF1BBBDF23F4F47500E9B0B6 /* AppDelegate.swift in Sources */,
				BF2064E8246A22B5009B6E8A /* MatlabResult.swift in Sources */,
				BF1BBBE123F4F47500E9B0B6 /* SceneDelegate.swift in Sources */,
				BF5A209823F51B8700EFAECA /* LoginVC.swift in Sources */,
				BFBA2CA623FBC9A4009A146F /* MapViewController.swift in Sources */,
				BF2064E6246A2240009B6E8A /* AirplanPath.swift in Sources */,
			);
			runOnlyForDeploymentPostprocessing = 0;
		};
/* End PBXSourcesBuildPhase section */

/* Begin PBXVariantGroup section */
		BF1BBBE423F4F47500E9B0B6 /* Main.storyboard */ = {
			isa = PBXVariantGroup;
			children = (
				BF1BBBE523F4F47500E9B0B6 /* Base */,
			);
			name = Main.storyboard;
			sourceTree = "<group>";
		};
		BF1BBBE923F4F47600E9B0B6 /* LaunchScreen.storyboard */ = {
			isa = PBXVariantGroup;
			children = (
				BF1BBBEA23F4F47600E9B0B6 /* Base */,
			);
			name = LaunchScreen.storyboard;
			sourceTree = "<group>";
		};
/* End PBXVariantGroup section */

/* Begin XCBuildConfiguration section */
		BF1BBBED23F4F47600E9B0B6 /* Debug */ = {
			isa = XCBuildConfiguration;
			buildSettings = {
				ALWAYS_SEARCH_USER_PATHS = NO;
				CLANG_ANALYZER_NONNULL = YES;
				CLANG_ANALYZER_NUMBER_OBJECT_CONVERSION = YES_AGGRESSIVE;
				CLANG_CXX_LANGUAGE_STANDARD = "gnu++14";
				CLANG_CXX_LIBRARY = "libc++";
				CLANG_ENABLE_MODULES = YES;
				CLANG_ENABLE_OBJC_ARC = YES;
				CLANG_ENABLE_OBJC_WEAK = YES;
				CLANG_WARN_BLOCK_CAPTURE_AUTORELEASING = YES;
				CLANG_WARN_BOOL_CONVERSION = YES;
				CLANG_WARN_COMMA = YES;
				CLANG_WARN_CONSTANT_CONVERSION = YES;
				CLANG_WARN_DEPRECATED_OBJC_IMPLEMENTATIONS = YES;
				CLANG_WARN_DIRECT_OBJC_ISA_USAGE = YES_ERROR;
				CLANG_WARN_DOCUMENTATION_COMMENTS = YES;
				CLANG_WARN_EMPTY_BODY = YES;
				CLANG_WARN_ENUM_CONVERSION = YES;
				CLANG_WARN_INFINITE_RECURSION = YES;
				CLANG_WARN_INT_CONVERSION = YES;
				CLANG_WARN_NON_LITERAL_NULL_CONVERSION = YES;
				CLANG_WARN_OBJC_IMPLICIT_RETAIN_SELF = YES;
				CLANG_WARN_OBJC_LITERAL_CONVERSION = YES;
				CLANG_WARN_OBJC_ROOT_CLASS = YES_ERROR;
				CLANG_WARN_RANGE_LOOP_ANALYSIS = YES;
				CLANG_WARN_STRICT_PROTOTYPES = YES;
				CLANG_WARN_SUSPICIOUS_MOVE = YES;
				CLANG_WARN_UNGUARDED_AVAILABILITY = YES_AGGRESSIVE;
				CLANG_WARN_UNREACHABLE_CODE = YES;
				CLANG_WARN__DUPLICATE_METHOD_MATCH = YES;
				COPY_PHASE_STRIP = NO;
				DEBUG_INFORMATION_FORMAT = dwarf;
				ENABLE_STRICT_OBJC_MSGSEND = YES;
				ENABLE_TESTABILITY = YES;
				GCC_C_LANGUAGE_STANDARD = gnu11;
				GCC_DYNAMIC_NO_PIC = NO;
				GCC_NO_COMMON_BLOCKS = YES;
				GCC_OPTIMIZATION_LEVEL = 0;
				GCC_PREPROCESSOR_DEFINITIONS = (
					"DEBUG=1",
					"$(inherited)",
				);
				GCC_WARN_64_TO_32_BIT_CONVERSION = YES;
				GCC_WARN_ABOUT_RETURN_TYPE = YES_ERROR;
				GCC_WARN_UNDECLARED_SELECTOR = YES;
				GCC_WARN_UNINITIALIZED_AUTOS = YES_AGGRESSIVE;
				GCC_WARN_UNUSED_FUNCTION = YES;
				GCC_WARN_UNUSED_VARIABLE = YES;
				IPHONEOS_DEPLOYMENT_TARGET = 13.2;
				MTL_ENABLE_DEBUG_INFO = INCLUDE_SOURCE;
				MTL_FAST_MATH = YES;
				ONLY_ACTIVE_ARCH = YES;
				SDKROOT = iphoneos;
				SWIFT_ACTIVE_COMPILATION_CONDITIONS = DEBUG;
				SWIFT_OPTIMIZATION_LEVEL = "-Onone";
			};
			name = Debug;
		};
		BF1BBBEE23F4F47600E9B0B6 /* Release */ = {
			isa = XCBuildConfiguration;
			buildSettings = {
				ALWAYS_SEARCH_USER_PATHS = NO;
				CLANG_ANALYZER_NONNULL = YES;
				CLANG_ANALYZER_NUMBER_OBJECT_CONVERSION = YES_AGGRESSIVE;
				CLANG_CXX_LANGUAGE_STANDARD = "gnu++14";
				CLANG_CXX_LIBRARY = "libc++";
				CLANG_ENABLE_MODULES = YES;
				CLANG_ENABLE_OBJC_ARC = YES;
				CLANG_ENABLE_OBJC_WEAK = YES;
				CLANG_WARN_BLOCK_CAPTURE_AUTORELEASING = YES;
				CLANG_WARN_BOOL_CONVERSION = YES;
				CLANG_WARN_COMMA = YES;
				CLANG_WARN_CONSTANT_CONVERSION = YES;
				CLANG_WARN_DEPRECATED_OBJC_IMPLEMENTATIONS = YES;
				CLANG_WARN_DIRECT_OBJC_ISA_USAGE = YES_ERROR;
				CLANG_WARN_DOCUMENTATION_COMMENTS = YES;
				CLANG_WARN_EMPTY_BODY = YES;
				CLANG_WARN_ENUM_CONVERSION = YES;
				CLANG_WARN_INFINITE_RECURSION = YES;
				CLANG_WARN_INT_CONVERSION = YES;
				CLANG_WARN_NON_LITERAL_NULL_CONVERSION = YES;
				CLANG_WARN_OBJC_IMPLICIT_RETAIN_SELF = YES;
				CLANG_WARN_OBJC_LITERAL_CONVERSION = YES;
				CLANG_WARN_OBJC_ROOT_CLASS = YES_ERROR;
				CLANG_WARN_RANGE_LOOP_ANALYSIS = YES;
				CLANG_WARN_STRICT_PROTOTYPES = YES;
				CLANG_WARN_SUSPICIOUS_MOVE = YES;
				CLANG_WARN_UNGUARDED_AVAILABILITY = YES_AGGRESSIVE;
				CLANG_WARN_UNREACHABLE_CODE = YES;
				CLANG_WARN__DUPLICATE_METHOD_MATCH = YES;
				COPY_PHASE_STRIP = NO;
				DEBUG_INFORMATION_FORMAT = "dwarf-with-dsym";
				ENABLE_NS_ASSERTIONS = NO;
				ENABLE_STRICT_OBJC_MSGSEND = YES;
				GCC_C_LANGUAGE_STANDARD = gnu11;
				GCC_NO_COMMON_BLOCKS = YES;
				GCC_WARN_64_TO_32_BIT_CONVERSION = YES;
				GCC_WARN_ABOUT_RETURN_TYPE = YES_ERROR;
				GCC_WARN_UNDECLARED_SELECTOR = YES;
				GCC_WARN_UNINITIALIZED_AUTOS = YES_AGGRESSIVE;
				GCC_WARN_UNUSED_FUNCTION = YES;
				GCC_WARN_UNUSED_VARIABLE = YES;
				IPHONEOS_DEPLOYMENT_TARGET = 13.2;
				MTL_ENABLE_DEBUG_INFO = NO;
				MTL_FAST_MATH = YES;
				SDKROOT = iphoneos;
				SWIFT_COMPILATION_MODE = wholemodule;
				SWIFT_OPTIMIZATION_LEVEL = "-O";
				VALIDATE_PRODUCT = YES;
			};
			name = Release;
		};
		BF1BBBF023F4F47600E9B0B6 /* Debug */ = {
			isa = XCBuildConfiguration;
			baseConfigurationReference = A12E31BD30BC1D23AC097494 /* Pods-TrafficGame_ios.debug.xcconfig */;
			buildSettings = {
				ASSETCATALOG_COMPILER_APPICON_NAME = AppIcon;
				CODE_SIGN_STYLE = Automatic;
				DEVELOPMENT_TEAM = BW2NQM59K6;
				INFOPLIST_FILE = TrafficGame_ios/Info.plist;
				LD_RUNPATH_SEARCH_PATHS = (
					"$(inherited)",
					"@executable_path/Frameworks",
				);
				PRODUCT_BUNDLE_IDENTIFIER = "com.csu.TrafficGame-ios";
				PRODUCT_NAME = "$(TARGET_NAME)";
				SWIFT_VERSION = 5.0;
				TARGETED_DEVICE_FAMILY = "1,2";
			};
			name = Debug;
		};
		BF1BBBF123F4F47600E9B0B6 /* Release */ = {
			isa = XCBuildConfiguration;
			baseConfigurationReference = CE01AD44C9F2EE2BF30C89B8 /* Pods-TrafficGame_ios.release.xcconfig */;
			buildSettings = {
				ASSETCATALOG_COMPILER_APPICON_NAME = AppIcon;
				CODE_SIGN_STYLE = Automatic;
				DEVELOPMENT_TEAM = BW2NQM59K6;
				INFOPLIST_FILE = TrafficGame_ios/Info.plist;
				LD_RUNPATH_SEARCH_PATHS = (
					"$(inherited)",
					"@executable_path/Frameworks",
				);
				PRODUCT_BUNDLE_IDENTIFIER = "com.csu.TrafficGame-ios";
				PRODUCT_NAME = "$(TARGET_NAME)";
				SWIFT_VERSION = 5.0;
				TARGETED_DEVICE_FAMILY = "1,2";
			};
			name = Release;
		};
/* End XCBuildConfiguration section */

/* Begin XCConfigurationList section */
		BF1BBBD623F4F47500E9B0B6 /* Build configuration list for PBXProject "TrafficGame_ios" */ = {
			isa = XCConfigurationList;
			buildConfigurations = (
				BF1BBBED23F4F47600E9B0B6 /* Debug */,
				BF1BBBEE23F4F47600E9B0B6 /* Release */,
			);
			defaultConfigurationIsVisible = 0;
			defaultConfigurationName = Release;
		};
		BF1BBBEF23F4F47600E9B0B6 /* Build configuration list for PBXNativeTarget "TrafficGame_ios" */ = {
			isa = XCConfigurationList;
			buildConfigurations = (
				BF1BBBF023F4F47600E9B0B6 /* Debug */,
				BF1BBBF123F4F47600E9B0B6 /* Release */,
			);
			defaultConfigurationIsVisible = 0;
			defaultConfigurationName = Release;
		};
/* End XCConfigurationList section */
	};
	rootObject = BF1BBBD323F4F47500E9B0B6 /* Project object */;
}
